// !$*UTF8*$!
{
	archiveVersion = 1;
	classes = {
	};
	objectVersion = 46;
	objects = {

/* Begin PBXBuildFile section */
		56013AF1163AED9500D7B9A8 /* UIKit.framework in Frameworks */ = {isa = PBXBuildFile; fileRef = 56013AF0163AED9500D7B9A8 /* UIKit.framework */; };
		56013AF3163AED9500D7B9A8 /* Foundation.framework in Frameworks */ = {isa = PBXBuildFile; fileRef = 56013AF2163AED9500D7B9A8 /* Foundation.framework */; };
		56013AF5163AED9500D7B9A8 /* CoreGraphics.framework in Frameworks */ = {isa = PBXBuildFile; fileRef = 56013AF4163AED9500D7B9A8 /* CoreGraphics.framework */; };
		56013AFB163AED9600D7B9A8 /* InfoPlist.strings in Resources */ = {isa = PBXBuildFile; fileRef = 56013AF9163AED9600D7B9A8 /* InfoPlist.strings */; };
		56013AFD163AED9600D7B9A8 /* main.m in Sources */ = {isa = PBXBuildFile; fileRef = 56013AFC163AED9600D7B9A8 /* main.m */; };
		56013B01163AED9600D7B9A8 /* BADAppDelegate.m in Sources */ = {isa = PBXBuildFile; fileRef = 56013B00163AED9600D7B9A8 /* BADAppDelegate.m */; };
		56013B03163AED9600D7B9A8 /* Default.png in Resources */ = {isa = PBXBuildFile; fileRef = 56013B02163AED9600D7B9A8 /* Default.png */; };
		56013B05163AED9600D7B9A8 /* Default@2x.png in Resources */ = {isa = PBXBuildFile; fileRef = 56013B04163AED9600D7B9A8 /* Default@2x.png */; };
		56013B07163AED9600D7B9A8 /* Default-568h@2x.png in Resources */ = {isa = PBXBuildFile; fileRef = 56013B06163AED9600D7B9A8 /* Default-568h@2x.png */; };
		56013B0A163AED9600D7B9A8 /* MainStoryboard_iPhone.storyboard in Resources */ = {isa = PBXBuildFile; fileRef = 56013B08163AED9600D7B9A8 /* MainStoryboard_iPhone.storyboard */; };
		56013B0D163AED9600D7B9A8 /* MainStoryboard_iPad.storyboard in Resources */ = {isa = PBXBuildFile; fileRef = 56013B0B163AED9600D7B9A8 /* MainStoryboard_iPad.storyboard */; };
		56013B10163AED9600D7B9A8 /* BADViewController.m in Sources */ = {isa = PBXBuildFile; fileRef = 56013B0F163AED9600D7B9A8 /* BADViewController.m */; };
/* End PBXBuildFile section */

/* Begin PBXFileReference section */
		56013AEC163AED9500D7B9A8 /* SampleGHUnit_Jenkins.app */ = {isa = PBXFileReference; explicitFileType = wrapper.application; includeInIndex = 0; path = SampleGHUnit_Jenkins.app; sourceTree = BUILT_PRODUCTS_DIR; };
		56013AF0163AED9500D7B9A8 /* UIKit.framework */ = {isa = PBXFileReference; lastKnownFileType = wrapper.framework; name = UIKit.framework; path = System/Library/Frameworks/UIKit.framework; sourceTree = SDKROOT; };
		56013AF2163AED9500D7B9A8 /* Foundation.framework */ = {isa = PBXFileReference; lastKnownFileType = wrapper.framework; name = Foundation.framework; path = System/Library/Frameworks/Foundation.framework; sourceTree = SDKROOT; };
		56013AF4163AED9500D7B9A8 /* CoreGraphics.framework */ = {isa = PBXFileReference; lastKnownFileType = wrapper.framework; name = CoreGraphics.framework; path = System/Library/Frameworks/CoreGraphics.framework; sourceTree = SDKROOT; };
		56013AF8163AED9500D7B9A8 /* SampleGHUnit_Jenkins-Info.plist */ = {isa = PBXFileReference; lastKnownFileType = text.plist.xml; path = "SampleGHUnit_Jenkins-Info.plist"; sourceTree = "<group>"; };
		56013AFA163AED9600D7B9A8 /* en */ = {isa = PBXFileReference; lastKnownFileType = text.plist.strings; name = en; path = en.lproj/InfoPlist.strings; sourceTree = "<group>"; };
		56013AFC163AED9600D7B9A8 /* main.m */ = {isa = PBXFileReference; lastKnownFileType = sourcecode.c.objc; path = main.m; sourceTree = "<group>"; };
		56013AFE163AED9600D7B9A8 /* SampleGHUnit_Jenkins-Prefix.pch */ = {isa = PBXFileReference; lastKnownFileType = sourcecode.c.h; path = "SampleGHUnit_Jenkins-Prefix.pch"; sourceTree = "<group>"; };
		56013AFF163AED9600D7B9A8 /* BADAppDelegate.h */ = {isa = PBXFileReference; lastKnownFileType = sourcecode.c.h; path = BADAppDelegate.h; sourceTree = "<group>"; };
		56013B00163AED9600D7B9A8 /* BADAppDelegate.m */ = {isa = PBXFileReference; lastKnownFileType = sourcecode.c.objc; path = BADAppDelegate.m; sourceTree = "<group>"; };
		56013B02163AED9600D7B9A8 /* Default.png */ = {isa = PBXFileReference; lastKnownFileType = image.png; path = Default.png; sourceTree = "<group>"; };
		56013B04163AED9600D7B9A8 /* Default@2x.png */ = {isa = PBXFileReference; lastKnownFileType = image.png; path = "Default@2x.png"; sourceTree = "<group>"; };
		56013B06163AED9600D7B9A8 /* Default-568h@2x.png */ = {isa = PBXFileReference; lastKnownFileType = image.png; path = "Default-568h@2x.png"; sourceTree = "<group>"; };
		56013B09163AED9600D7B9A8 /* en */ = {isa = PBXFileReference; lastKnownFileType = file.storyboard; name = en; path = en.lproj/MainStoryboard_iPhone.storyboard; sourceTree = "<group>"; };
		56013B0C163AED9600D7B9A8 /* en */ = {isa = PBXFileReference; lastKnownFileType = file.storyboard; name = en; path = en.lproj/MainStoryboard_iPad.storyboard; sourceTree = "<group>"; };
		56013B0E163AED9600D7B9A8 /* BADViewController.h */ = {isa = PBXFileReference; lastKnownFileType = sourcecode.c.h; path = BADViewController.h; sourceTree = "<group>"; };
		56013B0F163AED9600D7B9A8 /* BADViewController.m */ = {isa = PBXFileReference; lastKnownFileType = sourcecode.c.objc; path = BADViewController.m; sourceTree = "<group>"; };
/* End PBXFileReference section */

/* Begin PBXFrameworksBuildPhase section */
		56013AE9163AED9500D7B9A8 /* Frameworks */ = {
			isa = PBXFrameworksBuildPhase;
			buildActionMask = 2147483647;
			files = (
				56013AF1163AED9500D7B9A8 /* UIKit.framework in Frameworks */,
				56013AF3163AED9500D7B9A8 /* Foundation.framework in Frameworks */,
				56013AF5163AED9500D7B9A8 /* CoreGraphics.framework in Frameworks */,
			);
			runOnlyForDeploymentPostprocessing = 0;
		};
/* End PBXFrameworksBuildPhase section */

/* Begin PBXGroup section */
		56013AE1163AED9500D7B9A8 = {
			isa = PBXGroup;
			children = (
				56013AF6163AED9500D7B9A8 /* SampleGHUnit_Jenkins */,
				56013AEF163AED9500D7B9A8 /* Frameworks */,
				56013AED163AED9500D7B9A8 /* Products */,
			);
			sourceTree = "<group>";
		};
		56013AED163AED9500D7B9A8 /* Products */ = {
			isa = PBXGroup;
			children = (
				56013AEC163AED9500D7B9A8 /* SampleGHUnit_Jenkins.app */,
			);
			name = Products;
			sourceTree = "<group>";
		};
		56013AEF163AED9500D7B9A8 /* Frameworks */ = {
			isa = PBXGroup;
			children = (
				56013AF0163AED9500D7B9A8 /* UIKit.framework */,
				56013AF2163AED9500D7B9A8 /* Foundation.framework */,
				56013AF4163AED9500D7B9A8 /* CoreGraphics.framework */,
			);
			name = Frameworks;
			sourceTree = "<group>";
		};
		56013AF6163AED9500D7B9A8 /* SampleGHUnit_Jenkins */ = {
			isa = PBXGroup;
			children = (
				56013AFF163AED9600D7B9A8 /* BADAppDelegate.h */,
				56013B00163AED9600D7B9A8 /* BADAppDelegate.m */,
				56013B08163AED9600D7B9A8 /* MainStoryboard_iPhone.storyboard */,
				56013B0B163AED9600D7B9A8 /* MainStoryboard_iPad.storyboard */,
				56013B0E163AED9600D7B9A8 /* BADViewController.h */,
				56013B0F163AED9600D7B9A8 /* BADViewController.m */,
				56013AF7163AED9500D7B9A8 /* Supporting Files */,
			);
			path = SampleGHUnit_Jenkins;
			sourceTree = "<group>";
		};
		56013AF7163AED9500D7B9A8 /* Supporting Files */ = {
			isa = PBXGroup;
			children = (
				56013AF8163AED9500D7B9A8 /* SampleGHUnit_Jenkins-Info.plist */,
				56013AF9163AED9600D7B9A8 /* InfoPlist.strings */,
				56013AFC163AED9600D7B9A8 /* main.m */,
				56013AFE163AED9600D7B9A8 /* SampleGHUnit_Jenkins-Prefix.pch */,
				56013B02163AED9600D7B9A8 /* Default.png */,
				56013B04163AED9600D7B9A8 /* Default@2x.png */,
				56013B06163AED9600D7B9A8 /* Default-568h@2x.png */,
			);
			name = "Supporting Files";
			sourceTree = "<group>";
		};
/* End PBXGroup section */

/* Begin PBXNativeTarget section */
		56013AEB163AED9500D7B9A8 /* SampleGHUnit_Jenkins */ = {
			isa = PBXNativeTarget;
			buildConfigurationList = 56013B13163AED9600D7B9A8 /* Build configuration list for PBXNativeTarget "SampleGHUnit_Jenkins" */;
			buildPhases = (
				56013AE8163AED9500D7B9A8 /* Sources */,
				56013AE9163AED9500D7B9A8 /* Frameworks */,
				56013AEA163AED9500D7B9A8 /* Resources */,
			);
			buildRules = (
			);
			dependencies = (
			);
			name = SampleGHUnit_Jenkins;
			productName = SampleGHUnit_Jenkins;
			productReference = 56013AEC163AED9500D7B9A8 /* SampleGHUnit_Jenkins.app */;
			productType = "com.apple.product-type.application";
		};
/* End PBXNativeTarget section */

/* Begin PBXProject section */
		56013AE3163AED9500D7B9A8 /* Project object */ = {
			isa = PBXProject;
			attributes = {
				CLASSPREFIX = BAD;
				LastUpgradeCheck = 0450;
				ORGANIZATIONNAME = "amadou diallo";
			};
			buildConfigurationList = 56013AE6163AED9500D7B9A8 /* Build configuration list for PBXProject "SampleGHUnit_Jenkins" */;
			compatibilityVersion = "Xcode 3.2";
			developmentRegion = English;
			hasScannedForEncodings = 0;
			knownRegions = (
				en,
			);
			mainGroup = 56013AE1163AED9500D7B9A8;
			productRefGroup = 56013AED163AED9500D7B9A8 /* Products */;
			projectDirPath = "";
			projectRoot = "";
			targets = (
				56013AEB163AED9500D7B9A8 /* SampleGHUnit_Jenkins */,
			);
		};
/* End PBXProject section */

/* Begin PBXResourcesBuildPhase section */
		56013AEA163AED9500D7B9A8 /* Resources */ = {
			isa = PBXResourcesBuildPhase;
			buildActionMask = 2147483647;
			files = (
				56013AFB163AED9600D7B9A8 /* InfoPlist.strings in Resources */,
				56013B03163AED9600D7B9A8 /* Default.png in Resources */,
				56013B05163AED9600D7B9A8 /* Default@2x.png in Resources */,
				56013B07163AED9600D7B9A8 /* Default-568h@2x.png in Resources */,
				56013B0A163AED9600D7B9A8 /* MainStoryboard_iPhone.storyboard in Resources */,
				56013B0D163AED9600D7B9A8 /* MainStoryboard_iPad.storyboard in Resources */,
			);
			runOnlyForDeploymentPostprocessing = 0;
		};
/* End PBXResourcesBuildPhase section */

/* Begin PBXSourcesBuildPhase section */
		56013AE8163AED9500D7B9A8 /* Sources */ = {
			isa = PBXSourcesBuildPhase;
			buildActionMask = 2147483647;
			files = (
				56013AFD163AED9600D7B9A8 /* main.m in Sources */,
				56013B01163AED9600D7B9A8 /* BADAppDelegate.m in Sources */,
				56013B10163AED9600D7B9A8 /* BADViewController.m in Sources */,
			);
			runOnlyForDeploymentPostprocessing = 0;
		};
/* End PBXSourcesBuildPhase section */

/* Begin PBXVariantGroup section */
		56013AF9163AED9600D7B9A8 /* InfoPlist.strings */ = {
			isa = PBXVariantGroup;
			children = (
				56013AFA163AED9600D7B9A8 /* en */,
			);
			name = InfoPlist.strings;
			sourceTree = "<group>";
		};
		56013B08163AED9600D7B9A8 /* MainStoryboard_iPhone.storyboard */ = {
			isa = PBXVariantGroup;
			children = (
				56013B09163AED9600D7B9A8 /* en */,
			);
			name = MainStoryboard_iPhone.storyboard;
			sourceTree = "<group>";
		};
		56013B0B163AED9600D7B9A8 /* MainStoryboard_iPad.storyboard */ = {
			isa = PBXVariantGroup;
			children = (
				56013B0C163AED9600D7B9A8 /* en */,
			);
			name = MainStoryboard_iPad.storyboard;
			sourceTree = "<group>";
		};
/* End PBXVariantGroup section */

/* Begin XCBuildConfiguration section */
		56013B11163AED9600D7B9A8 /* Debug */ = {
			isa = XCBuildConfiguration;
			buildSettings = {
				ALWAYS_SEARCH_USER_PATHS = NO;
				CLANG_CXX_LANGUAGE_STANDARD = "gnu++0x";
				CLANG_CXX_LIBRARY = "libc++";
				CLANG_ENABLE_OBJC_ARC = YES;
				CLANG_WARN_EMPTY_BODY = YES;
				CLANG_WARN__DUPLICATE_METHOD_MATCH = YES;
				"CODE_SIGN_IDENTITY[sdk=iphoneos*]" = "iPhone Developer";
				COPY_PHASE_STRIP = NO;
				GCC_C_LANGUAGE_STANDARD = gnu99;
				GCC_DYNAMIC_NO_PIC = NO;
				GCC_OPTIMIZATION_LEVEL = 0;
				GCC_PREPROCESSOR_DEFINITIONS = (
					"DEBUG=1",
					"$(inherited)",
				);
				GCC_SYMBOLS_PRIVATE_EXTERN = NO;
				GCC_WARN_ABOUT_RETURN_TYPE = YES;
				GCC_WARN_UNINITIALIZED_AUTOS = YES;
				GCC_WARN_UNUSED_VARIABLE = YES;
				IPHONEOS_DEPLOYMENT_TARGET = 6.0;
				ONLY_ACTIVE_ARCH = YES;
				SDKROOT = iphoneos;
				TARGETED_DEVICE_FAMILY = "1,2";
			};
			name = Debug;
		};
		56013B12163AED9600D7B9A8 /* Release */ = {
			isa = XCBuildConfiguration;
			buildSettings = {
				ALWAYS_SEARCH_USER_PATHS = NO;
				CLANG_CXX_LANGUAGE_STANDARD = "gnu++0x";
				CLANG_CXX_LIBRARY = "libc++";
				CLANG_ENABLE_OBJC_ARC = YES;
				CLANG_WARN_EMPTY_BODY = YES;
				CLANG_WARN__DUPLICATE_METHOD_MATCH = YES;
				"CODE_SIGN_IDENTITY[sdk=iphoneos*]" = "iPhone Developer";
				COPY_PHASE_STRIP = YES;
				GCC_C_LANGUAGE_STANDARD = gnu99;
				GCC_WARN_ABOUT_RETURN_TYPE = YES;
				GCC_WARN_UNINITIALIZED_AUTOS = YES;
				GCC_WARN_UNUSED_VARIABLE = YES;
				IPHONEOS_DEPLOYMENT_TARGET = 6.0;
				OTHER_CFLAGS = "-DNS_BLOCK_ASSERTIONS=1";
				SDKROOT = iphoneos;
				TARGETED_DEVICE_FAMILY = "1,2";
				VALIDATE_PRODUCT = YES;
			};
			name = Release;
		};
		56013B14163AED9600D7B9A8 /* Debug */ = {
			isa = XCBuildConfiguration;
			buildSettings = {
				GCC_PRECOMPILE_PREFIX_HEADER = YES;
				GCC_PREFIX_HEADER = "SampleGHUnit_Jenkins/SampleGHUnit_Jenkins-Prefix.pch";
				INFOPLIST_FILE = "SampleGHUnit_Jenkins/SampleGHUnit_Jenkins-Info.plist";
				PRODUCT_NAME = "$(TARGET_NAME)";
				WRAPPER_EXTENSION = app;
			};
			name = Debug;
		};
		56013B15163AED9600D7B9A8 /* Release */ = {
			isa = XCBuildConfiguration;
			buildSettings = {
				GCC_PRECOMPILE_PREFIX_HEADER = YES;
				GCC_PREFIX_HEADER = "SampleGHUnit_Jenkins/SampleGHUnit_Jenkins-Prefix.pch";
				INFOPLIST_FILE = "SampleGHUnit_Jenkins/SampleGHUnit_Jenkins-Info.plist";
				PRODUCT_NAME = "$(TARGET_NAME)";
				WRAPPER_EXTENSION = app;
			};
			name = Release;
		};
/* End XCBuildConfiguration section */

/* Begin XCConfigurationList section */
		56013AE6163AED9500D7B9A8 /* Build configuration list for PBXProject "SampleGHUnit_Jenkins" */ = {
			isa = XCConfigurationList;
			buildConfigurations = (
				56013B11163AED9600D7B9A8 /* Debug */,
				56013B12163AED9600D7B9A8 /* Release */,
			);
			defaultConfigurationIsVisible = 0;
			defaultConfigurationName = Release;
		};
		56013B13163AED9600D7B9A8 /* Build configuration list for PBXNativeTarget "SampleGHUnit_Jenkins" */ = {
			isa = XCConfigurationList;
			buildConfigurations = (
				56013B14163AED9600D7B9A8 /* Debug */,
				56013B15163AED9600D7B9A8 /* Release */,
			);
			defaultConfigurationIsVisible = 0;
		};
/* End XCConfigurationList section */
	};
	rootObject = 56013AE3163AED9500D7B9A8 /* Project object */;
}
